{
  "version": 1,
  "dependencies": {
    "net7.0": {
      "MSTest.TestFramework": {
        "type": "Direct",
        "requested": "[2.2.10, )",
        "resolved": "2.2.10",
        "contentHash": "JZRVXKq19uRhkj8MuzsU8zJhPV2JV3ZToFPAIg+BU53L1L9mNDfm9jXerdRfbrE4HBcf2M54Ij80zPOdlha3+Q=="
      }
    }
  }
}